<Solution>
  <Project Path="DataCatalyst.Abstractions/DataCatalyst.Abstractions.csproj" />
  <Project Path="DataCatalyst.Runtime/DataCatalyst.Runtime.csproj" />
  <Project Path="DataCatalyst.SourceGen/DataCatalyst.SourceGen.csproj" />
  <Project Path="DataCatalyst.Tests/DataCatalyst.Tests.csproj" />
</Solution>
